
Microsoft Visual Studio Solution File, Format Version 12.00
# Visual Studio Version 16
VisualStudioVersion = 25.0.1700.5
MinimumVisualStudioVersion = 10.0.40219.1
Project("{FAE04EC0-301F-11D3-BF4B-00C04F79EFBC}") = "Producer", "Producer\Producer.csproj", "{A5AFB315-2707-4A55-8051-6B4E93D7CF7B}"
EndProject
Project("{FAE04EC0-301F-11D3-BF4B-00C04F79EFBC}") = "Consumer", "Consumer\Consumer.csproj", "{13112AAE-906B-4F31-B802-248040EA7943}"
EndProject
Global
	GlobalSection(SolutionConfigurationPlatforms) = preSolution
		Debug|Any CPU = Debug|Any CPU
		Release|Any CPU = Release|Any CPU
	EndGlobalSection
	GlobalSection(ProjectConfigurationPlatforms) = postSolution
		{A5AFB315-2707-4A55-8051-6B4E93D7CF7B}.Debug|Any CPU.ActiveCfg = Debug|Any CPU
		{A5AFB315-2707-4A55-8051-6B4E93D7CF7B}.Debug|Any CPU.Build.0 = Debug|Any CPU
		{A5AFB315-2707-4A55-8051-6B4E93D7CF7B}.Release|Any CPU.ActiveCfg = Release|Any CPU
		{A5AFB315-2707-4A55-8051-6B4E93D7CF7B}.Release|Any CPU.Build.0 = Release|Any CPU
		{13112AAE-906B-4F31-B802-248040EA7943}.Debug|Any CPU.ActiveCfg = Debug|Any CPU
		{13112AAE-906B-4F31-B802-248040EA7943}.Debug|Any CPU.Build.0 = Debug|Any CPU
		{13112AAE-906B-4F31-B802-248040EA7943}.Release|Any CPU.ActiveCfg = Release|Any CPU
		{13112AAE-906B-4F31-B802-248040EA7943}.Release|Any CPU.Build.0 = Release|Any CPU
	EndGlobalSection
	GlobalSection(SolutionProperties) = preSolution
		HideSolutionNode = FALSE
	EndGlobalSection
	GlobalSection(ExtensibilityGlobals) = postSolution
		SolutionGuid = {9E69FDC4-CB72-432D-9636-7B527BD1179E}
	EndGlobalSection
EndGlobal
